// !$*UTF8*$!
{
	archiveVersion = 1;
	classes = {
	};
	objectVersion = 56;
	objects = {

/* Begin PBXBuildFile section */
		AA71762E2C2CA2B4001BED04 /* AppDelegate.swift in Sources */ = {isa = PBXBuildFile; fileRef = AA71762D2C2CA2B4001BED04 /* AppDelegate.swift */; };
		AA7176302C2CA2B4001BED04 /* SceneDelegate.swift in Sources */ = {isa = PBXBuildFile; fileRef = AA71762F2C2CA2B4001BED04 /* SceneDelegate.swift */; };
		AA7176322C2CA2B4001BED04 /* ViewController.swift in Sources */ = {isa = PBXBuildFile; fileRef = AA7176312C2CA2B4001BED04 /* ViewController.swift */; };
		AA7176352C2CA2B5001BED04 /* Main.storyboard in Resources */ = {isa = PBXBuildFile; fileRef = AA7176332C2CA2B5001BED04 /* Main.storyboard */; };
		AA7176372C2CA2B9001BED04 /* Assets.xcassets in Resources */ = {isa = PBXBuildFile; fileRef = AA7176362C2CA2B9001BED04 /* Assets.xcassets */; };
		AA71763A2C2CA2B9001BED04 /* LaunchScreen.storyboard in Resources */ = {isa = PBXBuildFile; fileRef = AA7176382C2CA2B9001BED04 /* LaunchScreen.storyboard */; };
		AA7176432C2CDB44001BED04 /* TapBarController.swift in Sources */ = {isa = PBXBuildFile; fileRef = AA7176422C2CDB44001BED04 /* TapBarController.swift */; };
		AA7176482C2CDC57001BED04 /* MoviesWebService.swift in Sources */ = {isa = PBXBuildFile; fileRef = AA7176472C2CDC57001BED04 /* MoviesWebService.swift */; };
		AA71764A2C2CDC69001BED04 /* ErrorWebService.swift in Sources */ = {isa = PBXBuildFile; fileRef = AA7176492C2CDC69001BED04 /* ErrorWebService.swift */; };
		AA71764C2C2CDC75001BED04 /* MoviesPaths.swift in Sources */ = {isa = PBXBuildFile; fileRef = AA71764B2C2CDC75001BED04 /* MoviesPaths.swift */; };
		AA71764E2C2CDC9C001BED04 /* MoviesUrlConfiguration.swift in Sources */ = {isa = PBXBuildFile; fileRef = AA71764D2C2CDC9C001BED04 /* MoviesUrlConfiguration.swift */; };
		AA71765B2C2CDDEF001BED04 /* MostPopularMoviesPresenter.swift in Sources */ = {isa = PBXBuildFile; fileRef = AA7176562C2CDDEF001BED04 /* MostPopularMoviesPresenter.swift */; };
		AA71765C2C2CDDEF001BED04 /* MostPopularMoviesRouter.swift in Sources */ = {isa = PBXBuildFile; fileRef = AA7176572C2CDDEF001BED04 /* MostPopularMoviesRouter.swift */; };
		AA71765D2C2CDDEF001BED04 /* MostPopularMoviesViewController.swift in Sources */ = {isa = PBXBuildFile; fileRef = AA7176582C2CDDEF001BED04 /* MostPopularMoviesViewController.swift */; };
		AA71765E2C2CDDEF001BED04 /* MostPopularMoviesProtocols.swift in Sources */ = {isa = PBXBuildFile; fileRef = AA7176592C2CDDEF001BED04 /* MostPopularMoviesProtocols.swift */; };
		AA71765F2C2CDDEF001BED04 /* MostPopularMoviesInteractor.swift in Sources */ = {isa = PBXBuildFile; fileRef = AA71765A2C2CDDEF001BED04 /* MostPopularMoviesInteractor.swift */; };
/* End PBXBuildFile section */

/* Begin PBXFileReference section */
		AA71762A2C2CA2B4001BED04 /* PopCornCinema.app */ = {isa = PBXFileReference; explicitFileType = wrapper.application; includeInIndex = 0; path = PopCornCinema.app; sourceTree = BUILT_PRODUCTS_DIR; };
		AA71762D2C2CA2B4001BED04 /* AppDelegate.swift */ = {isa = PBXFileReference; lastKnownFileType = sourcecode.swift; path = AppDelegate.swift; sourceTree = "<group>"; };
		AA71762F2C2CA2B4001BED04 /* SceneDelegate.swift */ = {isa = PBXFileReference; lastKnownFileType = sourcecode.swift; path = SceneDelegate.swift; sourceTree = "<group>"; };
		AA7176312C2CA2B4001BED04 /* ViewController.swift */ = {isa = PBXFileReference; lastKnownFileType = sourcecode.swift; path = ViewController.swift; sourceTree = "<group>"; };
		AA7176342C2CA2B5001BED04 /* Base */ = {isa = PBXFileReference; lastKnownFileType = file.storyboard; name = Base; path = Base.lproj/Main.storyboard; sourceTree = "<group>"; };
		AA7176362C2CA2B9001BED04 /* Assets.xcassets */ = {isa = PBXFileReference; lastKnownFileType = folder.assetcatalog; path = Assets.xcassets; sourceTree = "<group>"; };
		AA7176392C2CA2B9001BED04 /* Base */ = {isa = PBXFileReference; lastKnownFileType = file.storyboard; name = Base; path = Base.lproj/LaunchScreen.storyboard; sourceTree = "<group>"; };
		AA71763B2C2CA2B9001BED04 /* Info.plist */ = {isa = PBXFileReference; lastKnownFileType = text.plist.xml; path = Info.plist; sourceTree = "<group>"; };
		AA7176422C2CDB44001BED04 /* TapBarController.swift */ = {isa = PBXFileReference; lastKnownFileType = sourcecode.swift; path = TapBarController.swift; sourceTree = "<group>"; };
		AA7176472C2CDC57001BED04 /* MoviesWebService.swift */ = {isa = PBXFileReference; lastKnownFileType = sourcecode.swift; path = MoviesWebService.swift; sourceTree = "<group>"; };
		AA7176492C2CDC69001BED04 /* ErrorWebService.swift */ = {isa = PBXFileReference; lastKnownFileType = sourcecode.swift; path = ErrorWebService.swift; sourceTree = "<group>"; };
		AA71764B2C2CDC75001BED04 /* MoviesPaths.swift */ = {isa = PBXFileReference; lastKnownFileType = sourcecode.swift; path = MoviesPaths.swift; sourceTree = "<group>"; };
		AA71764D2C2CDC9C001BED04 /* MoviesUrlConfiguration.swift */ = {isa = PBXFileReference; lastKnownFileType = sourcecode.swift; path = MoviesUrlConfiguration.swift; sourceTree = "<group>"; };
		AA7176562C2CDDEF001BED04 /* MostPopularMoviesPresenter.swift */ = {isa = PBXFileReference; lastKnownFileType = sourcecode.swift; path = MostPopularMoviesPresenter.swift; sourceTree = "<group>"; };
		AA7176572C2CDDEF001BED04 /* MostPopularMoviesRouter.swift */ = {isa = PBXFileReference; lastKnownFileType = sourcecode.swift; path = MostPopularMoviesRouter.swift; sourceTree = "<group>"; };
		AA7176582C2CDDEF001BED04 /* MostPopularMoviesViewController.swift */ = {isa = PBXFileReference; lastKnownFileType = sourcecode.swift; path = MostPopularMoviesViewController.swift; sourceTree = "<group>"; };
		AA7176592C2CDDEF001BED04 /* MostPopularMoviesProtocols.swift */ = {isa = PBXFileReference; lastKnownFileType = sourcecode.swift; path = MostPopularMoviesProtocols.swift; sourceTree = "<group>"; };
		AA71765A2C2CDDEF001BED04 /* MostPopularMoviesInteractor.swift */ = {isa = PBXFileReference; lastKnownFileType = sourcecode.swift; path = MostPopularMoviesInteractor.swift; sourceTree = "<group>"; };
/* End PBXFileReference section */

/* Begin PBXFrameworksBuildPhase section */
		AA7176272C2CA2B4001BED04 /* Frameworks */ = {
			isa = PBXFrameworksBuildPhase;
			buildActionMask = 2147483647;
			files = (
			);
			runOnlyForDeploymentPostprocessing = 0;
		};
/* End PBXFrameworksBuildPhase section */

/* Begin PBXGroup section */
		AA7176212C2CA2B4001BED04 = {
			isa = PBXGroup;
			children = (
				AA71762C2C2CA2B4001BED04 /* PopCornCinema */,
				AA71762B2C2CA2B4001BED04 /* Products */,
			);
			sourceTree = "<group>";
		};
		AA71762B2C2CA2B4001BED04 /* Products */ = {
			isa = PBXGroup;
			children = (
				AA71762A2C2CA2B4001BED04 /* PopCornCinema.app */,
			);
			name = Products;
			sourceTree = "<group>";
		};
		AA71762C2C2CA2B4001BED04 /* PopCornCinema */ = {
			isa = PBXGroup;
			children = (
				AA7176412C2CDB0C001BED04 /* TapBarController */,
				AA7176442C2CDB51001BED04 /* Extensions */,
				AA7176462C2CDC16001BED04 /* Services */,
				AA71764F2C2CDCAF001BED04 /* Views */,
				AA7176512C2CDCE0001BED04 /* Modules */,
				AA71762D2C2CA2B4001BED04 /* AppDelegate.swift */,
				AA71762F2C2CA2B4001BED04 /* SceneDelegate.swift */,
				AA7176312C2CA2B4001BED04 /* ViewController.swift */,
				AA7176332C2CA2B5001BED04 /* Main.storyboard */,
				AA7176362C2CA2B9001BED04 /* Assets.xcassets */,
				AA7176382C2CA2B9001BED04 /* LaunchScreen.storyboard */,
				AA71763B2C2CA2B9001BED04 /* Info.plist */,
			);
			path = PopCornCinema;
			sourceTree = "<group>";
		};
		AA7176412C2CDB0C001BED04 /* TapBarController */ = {
			isa = PBXGroup;
			children = (
				AA7176422C2CDB44001BED04 /* TapBarController.swift */,
			);
			path = TapBarController;
			sourceTree = "<group>";
		};
		AA7176442C2CDB51001BED04 /* Extensions */ = {
			isa = PBXGroup;
			children = (
			);
			path = Extensions;
			sourceTree = "<group>";
		};
		AA7176462C2CDC16001BED04 /* Services */ = {
			isa = PBXGroup;
			children = (
				AA7176472C2CDC57001BED04 /* MoviesWebService.swift */,
				AA7176492C2CDC69001BED04 /* ErrorWebService.swift */,
				AA71764B2C2CDC75001BED04 /* MoviesPaths.swift */,
				AA71764D2C2CDC9C001BED04 /* MoviesUrlConfiguration.swift */,
			);
			path = Services;
			sourceTree = "<group>";
		};
		AA71764F2C2CDCAF001BED04 /* Views */ = {
			isa = PBXGroup;
			children = (
			);
			path = Views;
			sourceTree = "<group>";
		};
		AA7176512C2CDCE0001BED04 /* Modules */ = {
			isa = PBXGroup;
			children = (
				AA7176522C2CDD37001BED04 /* MostPopularMovies */,
			);
			path = Modules;
			sourceTree = "<group>";
		};
		AA7176522C2CDD37001BED04 /* MostPopularMovies */ = {
			isa = PBXGroup;
			children = (
				AA7176602C2CDE0B001BED04 /* Entity */,
				AA7176622C2CDE28001BED04 /* Router */,
				AA7176632C2CDE37001BED04 /* Protocols */,
				AA7176642C2CDE69001BED04 /* Presenter */,
				AA7176662C2CDE8E001BED04 /* Interactor */,
				AA7176652C2CDE7D001BED04 /* View */,
			);
			path = MostPopularMovies;
			sourceTree = "<group>";
		};
		AA7176602C2CDE0B001BED04 /* Entity */ = {
			isa = PBXGroup;
			children = (
			);
			path = Entity;
			sourceTree = "<group>";
		};
		AA7176622C2CDE28001BED04 /* Router */ = {
			isa = PBXGroup;
			children = (
				AA7176572C2CDDEF001BED04 /* MostPopularMoviesRouter.swift */,
			);
			path = Router;
			sourceTree = "<group>";
		};
		AA7176632C2CDE37001BED04 /* Protocols */ = {
			isa = PBXGroup;
			children = (
				AA7176592C2CDDEF001BED04 /* MostPopularMoviesProtocols.swift */,
			);
			path = Protocols;
			sourceTree = "<group>";
		};
		AA7176642C2CDE69001BED04 /* Presenter */ = {
			isa = PBXGroup;
			children = (
				AA7176562C2CDDEF001BED04 /* MostPopularMoviesPresenter.swift */,
			);
			path = Presenter;
			sourceTree = "<group>";
		};
		AA7176652C2CDE7D001BED04 /* View */ = {
			isa = PBXGroup;
			children = (
				AA7176582C2CDDEF001BED04 /* MostPopularMoviesViewController.swift */,
			);
			path = View;
			sourceTree = "<group>";
		};
		AA7176662C2CDE8E001BED04 /* Interactor */ = {
			isa = PBXGroup;
			children = (
				AA71765A2C2CDDEF001BED04 /* MostPopularMoviesInteractor.swift */,
			);
			path = Interactor;
			sourceTree = "<group>";
		};
/* End PBXGroup section */

/* Begin PBXNativeTarget section */
		AA7176292C2CA2B4001BED04 /* PopCornCinema */ = {
			isa = PBXNativeTarget;
			buildConfigurationList = AA71763E2C2CA2B9001BED04 /* Build configuration list for PBXNativeTarget "PopCornCinema" */;
			buildPhases = (
				AA7176262C2CA2B4001BED04 /* Sources */,
				AA7176272C2CA2B4001BED04 /* Frameworks */,
				AA7176282C2CA2B4001BED04 /* Resources */,
			);
			buildRules = (
			);
			dependencies = (
			);
			name = PopCornCinema;
			productName = PopCornCinema;
			productReference = AA71762A2C2CA2B4001BED04 /* PopCornCinema.app */;
			productType = "com.apple.product-type.application";
		};
/* End PBXNativeTarget section */

/* Begin PBXProject section */
		AA7176222C2CA2B4001BED04 /* Project object */ = {
			isa = PBXProject;
			attributes = {
				BuildIndependentTargetsInParallel = 1;
				LastSwiftUpdateCheck = 1420;
				LastUpgradeCheck = 1420;
				TargetAttributes = {
					AA7176292C2CA2B4001BED04 = {
						CreatedOnToolsVersion = 14.2;
					};
				};
			};
			buildConfigurationList = AA7176252C2CA2B4001BED04 /* Build configuration list for PBXProject "PopCornCinema" */;
			compatibilityVersion = "Xcode 14.0";
			developmentRegion = en;
			hasScannedForEncodings = 0;
			knownRegions = (
				en,
				Base,
			);
			mainGroup = AA7176212C2CA2B4001BED04;
			productRefGroup = AA71762B2C2CA2B4001BED04 /* Products */;
			projectDirPath = "";
			projectRoot = "";
			targets = (
				AA7176292C2CA2B4001BED04 /* PopCornCinema */,
			);
		};
/* End PBXProject section */

/* Begin PBXResourcesBuildPhase section */
		AA7176282C2CA2B4001BED04 /* Resources */ = {
			isa = PBXResourcesBuildPhase;
			buildActionMask = 2147483647;
			files = (
				AA71763A2C2CA2B9001BED04 /* LaunchScreen.storyboard in Resources */,
				AA7176372C2CA2B9001BED04 /* Assets.xcassets in Resources */,
				AA7176352C2CA2B5001BED04 /* Main.storyboard in Resources */,
			);
			runOnlyForDeploymentPostprocessing = 0;
		};
/* End PBXResourcesBuildPhase section */

/* Begin PBXSourcesBuildPhase section */
		AA7176262C2CA2B4001BED04 /* Sources */ = {
			isa = PBXSourcesBuildPhase;
			buildActionMask = 2147483647;
			files = (
				AA7176322C2CA2B4001BED04 /* ViewController.swift in Sources */,
				AA71762E2C2CA2B4001BED04 /* AppDelegate.swift in Sources */,
				AA71764C2C2CDC75001BED04 /* MoviesPaths.swift in Sources */,
				AA7176482C2CDC57001BED04 /* MoviesWebService.swift in Sources */,
				AA71765C2C2CDDEF001BED04 /* MostPopularMoviesRouter.swift in Sources */,
				AA71765F2C2CDDEF001BED04 /* MostPopularMoviesInteractor.swift in Sources */,
				AA7176302C2CA2B4001BED04 /* SceneDelegate.swift in Sources */,
				AA71765E2C2CDDEF001BED04 /* MostPopularMoviesProtocols.swift in Sources */,
				AA71765B2C2CDDEF001BED04 /* MostPopularMoviesPresenter.swift in Sources */,
				AA71764E2C2CDC9C001BED04 /* MoviesUrlConfiguration.swift in Sources */,
				AA7176432C2CDB44001BED04 /* TapBarController.swift in Sources */,
				AA71764A2C2CDC69001BED04 /* ErrorWebService.swift in Sources */,
				AA71765D2C2CDDEF001BED04 /* MostPopularMoviesViewController.swift in Sources */,
			);
			runOnlyForDeploymentPostprocessing = 0;
		};
/* End PBXSourcesBuildPhase section */

/* Begin PBXVariantGroup section */
		AA7176332C2CA2B5001BED04 /* Main.storyboard */ = {
			isa = PBXVariantGroup;
			children = (
				AA7176342C2CA2B5001BED04 /* Base */,
			);
			name = Main.storyboard;
			sourceTree = "<group>";
		};
		AA7176382C2CA2B9001BED04 /* LaunchScreen.storyboard */ = {
			isa = PBXVariantGroup;
			children = (
				AA7176392C2CA2B9001BED04 /* Base */,
			);
			name = LaunchScreen.storyboard;
			sourceTree = "<group>";
		};
/* End PBXVariantGroup section */

/* Begin XCBuildConfiguration section */
		AA71763C2C2CA2B9001BED04 /* Debug */ = {
			isa = XCBuildConfiguration;
			buildSettings = {
				ALWAYS_SEARCH_USER_PATHS = NO;
				CLANG_ANALYZER_NONNULL = YES;
				CLANG_ANALYZER_NUMBER_OBJECT_CONVERSION = YES_AGGRESSIVE;
				CLANG_CXX_LANGUAGE_STANDARD = "gnu++20";
				CLANG_ENABLE_MODULES = YES;
				CLANG_ENABLE_OBJC_ARC = YES;
				CLANG_ENABLE_OBJC_WEAK = YES;
				CLANG_WARN_BLOCK_CAPTURE_AUTORELEASING = YES;
				CLANG_WARN_BOOL_CONVERSION = YES;
				CLANG_WARN_COMMA = YES;
				CLANG_WARN_CONSTANT_CONVERSION = YES;
				CLANG_WARN_DEPRECATED_OBJC_IMPLEMENTATIONS = YES;
				CLANG_WARN_DIRECT_OBJC_ISA_USAGE = YES_ERROR;
				CLANG_WARN_DOCUMENTATION_COMMENTS = YES;
				CLANG_WARN_EMPTY_BODY = YES;
				CLANG_WARN_ENUM_CONVERSION = YES;
				CLANG_WARN_INFINITE_RECURSION = YES;
				CLANG_WARN_INT_CONVERSION = YES;
				CLANG_WARN_NON_LITERAL_NULL_CONVERSION = YES;
				CLANG_WARN_OBJC_IMPLICIT_RETAIN_SELF = YES;
				CLANG_WARN_OBJC_LITERAL_CONVERSION = YES;
				CLANG_WARN_OBJC_ROOT_CLASS = YES_ERROR;
				CLANG_WARN_QUOTED_INCLUDE_IN_FRAMEWORK_HEADER = YES;
				CLANG_WARN_RANGE_LOOP_ANALYSIS = YES;
				CLANG_WARN_STRICT_PROTOTYPES = YES;
				CLANG_WARN_SUSPICIOUS_MOVE = YES;
				CLANG_WARN_UNGUARDED_AVAILABILITY = YES_AGGRESSIVE;
				CLANG_WARN_UNREACHABLE_CODE = YES;
				CLANG_WARN__DUPLICATE_METHOD_MATCH = YES;
				COPY_PHASE_STRIP = NO;
				DEBUG_INFORMATION_FORMAT = dwarf;
				ENABLE_STRICT_OBJC_MSGSEND = YES;
				ENABLE_TESTABILITY = YES;
				GCC_C_LANGUAGE_STANDARD = gnu11;
				GCC_DYNAMIC_NO_PIC = NO;
				GCC_NO_COMMON_BLOCKS = YES;
				GCC_OPTIMIZATION_LEVEL = 0;
				GCC_PREPROCESSOR_DEFINITIONS = (
					"DEBUG=1",
					"$(inherited)",
				);
				GCC_WARN_64_TO_32_BIT_CONVERSION = YES;
				GCC_WARN_ABOUT_RETURN_TYPE = YES_ERROR;
				GCC_WARN_UNDECLARED_SELECTOR = YES;
				GCC_WARN_UNINITIALIZED_AUTOS = YES_AGGRESSIVE;
				GCC_WARN_UNUSED_FUNCTION = YES;
				GCC_WARN_UNUSED_VARIABLE = YES;
				IPHONEOS_DEPLOYMENT_TARGET = 14.0;
				MTL_ENABLE_DEBUG_INFO = INCLUDE_SOURCE;
				MTL_FAST_MATH = YES;
				ONLY_ACTIVE_ARCH = YES;
				SDKROOT = iphoneos;
				SWIFT_ACTIVE_COMPILATION_CONDITIONS = DEBUG;
				SWIFT_OPTIMIZATION_LEVEL = "-Onone";
			};
			name = Debug;
		};
		AA71763D2C2CA2B9001BED04 /* Release */ = {
			isa = XCBuildConfiguration;
			buildSettings = {
				ALWAYS_SEARCH_USER_PATHS = NO;
				CLANG_ANALYZER_NONNULL = YES;
				CLANG_ANALYZER_NUMBER_OBJECT_CONVERSION = YES_AGGRESSIVE;
				CLANG_CXX_LANGUAGE_STANDARD = "gnu++20";
				CLANG_ENABLE_MODULES = YES;
				CLANG_ENABLE_OBJC_ARC = YES;
				CLANG_ENABLE_OBJC_WEAK = YES;
				CLANG_WARN_BLOCK_CAPTURE_AUTORELEASING = YES;
				CLANG_WARN_BOOL_CONVERSION = YES;
				CLANG_WARN_COMMA = YES;
				CLANG_WARN_CONSTANT_CONVERSION = YES;
				CLANG_WARN_DEPRECATED_OBJC_IMPLEMENTATIONS = YES;
				CLANG_WARN_DIRECT_OBJC_ISA_USAGE = YES_ERROR;
				CLANG_WARN_DOCUMENTATION_COMMENTS = YES;
				CLANG_WARN_EMPTY_BODY = YES;
				CLANG_WARN_ENUM_CONVERSION = YES;
				CLANG_WARN_INFINITE_RECURSION = YES;
				CLANG_WARN_INT_CONVERSION = YES;
				CLANG_WARN_NON_LITERAL_NULL_CONVERSION = YES;
				CLANG_WARN_OBJC_IMPLICIT_RETAIN_SELF = YES;
				CLANG_WARN_OBJC_LITERAL_CONVERSION = YES;
				CLANG_WARN_OBJC_ROOT_CLASS = YES_ERROR;
				CLANG_WARN_QUOTED_INCLUDE_IN_FRAMEWORK_HEADER = YES;
				CLANG_WARN_RANGE_LOOP_ANALYSIS = YES;
				CLANG_WARN_STRICT_PROTOTYPES = YES;
				CLANG_WARN_SUSPICIOUS_MOVE = YES;
				CLANG_WARN_UNGUARDED_AVAILABILITY = YES_AGGRESSIVE;
				CLANG_WARN_UNREACHABLE_CODE = YES;
				CLANG_WARN__DUPLICATE_METHOD_MATCH = YES;
				COPY_PHASE_STRIP = NO;
				DEBUG_INFORMATION_FORMAT = "dwarf-with-dsym";
				ENABLE_NS_ASSERTIONS = NO;
				ENABLE_STRICT_OBJC_MSGSEND = YES;
				GCC_C_LANGUAGE_STANDARD = gnu11;
				GCC_NO_COMMON_BLOCKS = YES;
				GCC_WARN_64_TO_32_BIT_CONVERSION = YES;
				GCC_WARN_ABOUT_RETURN_TYPE = YES_ERROR;
				GCC_WARN_UNDECLARED_SELECTOR = YES;
				GCC_WARN_UNINITIALIZED_AUTOS = YES_AGGRESSIVE;
				GCC_WARN_UNUSED_FUNCTION = YES;
				GCC_WARN_UNUSED_VARIABLE = YES;
				IPHONEOS_DEPLOYMENT_TARGET = 14.0;
				MTL_ENABLE_DEBUG_INFO = NO;
				MTL_FAST_MATH = YES;
				SDKROOT = iphoneos;
				SWIFT_COMPILATION_MODE = wholemodule;
				SWIFT_OPTIMIZATION_LEVEL = "-O";
				VALIDATE_PRODUCT = YES;
			};
			name = Release;
		};
		AA71763F2C2CA2B9001BED04 /* Debug */ = {
			isa = XCBuildConfiguration;
			buildSettings = {
				ASSETCATALOG_COMPILER_APPICON_NAME = AppIcon;
				ASSETCATALOG_COMPILER_GLOBAL_ACCENT_COLOR_NAME = AccentColor;
				CODE_SIGN_STYLE = Automatic;
				CURRENT_PROJECT_VERSION = 1;
				GENERATE_INFOPLIST_FILE = YES;
				INFOPLIST_FILE = PopCornCinema/Info.plist;
				INFOPLIST_KEY_UIApplicationSupportsIndirectInputEvents = YES;
				INFOPLIST_KEY_UILaunchStoryboardName = LaunchScreen;
				INFOPLIST_KEY_UIMainStoryboardFile = Main;
				INFOPLIST_KEY_UISupportedInterfaceOrientations_iPad = "UIInterfaceOrientationPortrait UIInterfaceOrientationPortraitUpsideDown UIInterfaceOrientationLandscapeLeft UIInterfaceOrientationLandscapeRight";
				INFOPLIST_KEY_UISupportedInterfaceOrientations_iPhone = "UIInterfaceOrientationPortrait UIInterfaceOrientationLandscapeLeft UIInterfaceOrientationLandscapeRight";
				IPHONEOS_DEPLOYMENT_TARGET = 14.0;
				LD_RUNPATH_SEARCH_PATHS = (
					"$(inherited)",
					"@executable_path/Frameworks",
				);
				MARKETING_VERSION = 1.0;
				PRODUCT_BUNDLE_IDENTIFIER = MA.PopCornCinema;
				PRODUCT_NAME = "$(TARGET_NAME)";
				SUPPORTED_PLATFORMS = "iphoneos iphonesimulator";
				SUPPORTS_MACCATALYST = NO;
				SUPPORTS_MAC_DESIGNED_FOR_IPHONE_IPAD = NO;
				SWIFT_EMIT_LOC_STRINGS = YES;
				SWIFT_VERSION = 5.0;
				TARGETED_DEVICE_FAMILY = 1;
			};
			name = Debug;
		};
		AA7176402C2CA2B9001BED04 /* Release */ = {
			isa = XCBuildConfiguration;
			buildSettings = {
				ASSETCATALOG_COMPILER_APPICON_NAME = AppIcon;
				ASSETCATALOG_COMPILER_GLOBAL_ACCENT_COLOR_NAME = AccentColor;
				CODE_SIGN_STYLE = Automatic;
				CURRENT_PROJECT_VERSION = 1;
				GENERATE_INFOPLIST_FILE = YES;
				INFOPLIST_FILE = PopCornCinema/Info.plist;
				INFOPLIST_KEY_UIApplicationSupportsIndirectInputEvents = YES;
				INFOPLIST_KEY_UILaunchStoryboardName = LaunchScreen;
				INFOPLIST_KEY_UIMainStoryboardFile = Main;
				INFOPLIST_KEY_UISupportedInterfaceOrientations_iPad = "UIInterfaceOrientationPortrait UIInterfaceOrientationPortraitUpsideDown UIInterfaceOrientationLandscapeLeft UIInterfaceOrientationLandscapeRight";
				INFOPLIST_KEY_UISupportedInterfaceOrientations_iPhone = "UIInterfaceOrientationPortrait UIInterfaceOrientationLandscapeLeft UIInterfaceOrientationLandscapeRight";
				IPHONEOS_DEPLOYMENT_TARGET = 14.0;
				LD_RUNPATH_SEARCH_PATHS = (
					"$(inherited)",
					"@executable_path/Frameworks",
				);
				MARKETING_VERSION = 1.0;
				PRODUCT_BUNDLE_IDENTIFIER = MA.PopCornCinema;
				PRODUCT_NAME = "$(TARGET_NAME)";
				SUPPORTED_PLATFORMS = "iphoneos iphonesimulator";
				SUPPORTS_MACCATALYST = NO;
				SUPPORTS_MAC_DESIGNED_FOR_IPHONE_IPAD = NO;
				SWIFT_EMIT_LOC_STRINGS = YES;
				SWIFT_VERSION = 5.0;
				TARGETED_DEVICE_FAMILY = 1;
			};
			name = Release;
		};
/* End XCBuildConfiguration section */

/* Begin XCConfigurationList section */
		AA7176252C2CA2B4001BED04 /* Build configuration list for PBXProject "PopCornCinema" */ = {
			isa = XCConfigurationList;
			buildConfigurations = (
				AA71763C2C2CA2B9001BED04 /* Debug */,
				AA71763D2C2CA2B9001BED04 /* Release */,
			);
			defaultConfigurationIsVisible = 0;
			defaultConfigurationName = Release;
		};
		AA71763E2C2CA2B9001BED04 /* Build configuration list for PBXNativeTarget "PopCornCinema" */ = {
			isa = XCConfigurationList;
			buildConfigurations = (
				AA71763F2C2CA2B9001BED04 /* Debug */,
				AA7176402C2CA2B9001BED04 /* Release */,
			);
			defaultConfigurationIsVisible = 0;
			defaultConfigurationName = Release;
		};
/* End XCConfigurationList section */
	};
	rootObject = AA7176222C2CA2B4001BED04 /* Project object */;
}
